
Microsoft Visual Studio Solution File, Format Version 12.00
# Visual Studio 2013
VisualStudioVersion = 12.0.21005.1
MinimumVisualStudioVersion = 10.0.40219.1
Project("{FAE04EC0-301F-11D3-BF4B-00C04F79EFBC}") = "ClientFTP", "ClientFTP\ClientFTP.csproj", "{27666A63-53C3-4A1B-A5AC-58DD494AD43F}"
EndProject
Project("{FAE04EC0-301F-11D3-BF4B-00C04F79EFBC}") = "UnitTestClientFTP", "UnitTestClientFTP\UnitTestClientFTP.csproj", "{54BDC65F-407D-4CEF-AB32-FDFF35BF263B}"
EndProject
Project("{FAE04EC0-301F-11D3-BF4B-00C04F79EFBC}") = "ServerFTP", "..\ServerFTP\ServerFTP\ServerFTP.csproj", "{480ED32A-AE62-4A1A-8D6C-3E246A940B2D}"
EndProject
Global
	GlobalSection(SolutionConfigurationPlatforms) = preSolution
		Debug|Any CPU = Debug|Any CPU
		Release|Any CPU = Release|Any CPU
	EndGlobalSection
	GlobalSection(ProjectConfigurationPlatforms) = postSolution
		{27666A63-53C3-4A1B-A5AC-58DD494AD43F}.Debug|Any CPU.ActiveCfg = Debug|Any CPU
		{27666A63-53C3-4A1B-A5AC-58DD494AD43F}.Debug|Any CPU.Build.0 = Debug|Any CPU
		{27666A63-53C3-4A1B-A5AC-58DD494AD43F}.Release|Any CPU.ActiveCfg = Release|Any CPU
		{27666A63-53C3-4A1B-A5AC-58DD494AD43F}.Release|Any CPU.Build.0 = Release|Any CPU
		{54BDC65F-407D-4CEF-AB32-FDFF35BF263B}.Debug|Any CPU.ActiveCfg = Debug|Any CPU
		{54BDC65F-407D-4CEF-AB32-FDFF35BF263B}.Debug|Any CPU.Build.0 = Debug|Any CPU
		{54BDC65F-407D-4CEF-AB32-FDFF35BF263B}.Release|Any CPU.ActiveCfg = Release|Any CPU
		{54BDC65F-407D-4CEF-AB32-FDFF35BF263B}.Release|Any CPU.Build.0 = Release|Any CPU
		{480ED32A-AE62-4A1A-8D6C-3E246A940B2D}.Debug|Any CPU.ActiveCfg = Debug|Any CPU
		{480ED32A-AE62-4A1A-8D6C-3E246A940B2D}.Debug|Any CPU.Build.0 = Debug|Any CPU
		{480ED32A-AE62-4A1A-8D6C-3E246A940B2D}.Release|Any CPU.ActiveCfg = Release|Any CPU
		{480ED32A-AE62-4A1A-8D6C-3E246A940B2D}.Release|Any CPU.Build.0 = Release|Any CPU
	EndGlobalSection
	GlobalSection(SolutionProperties) = preSolution
		HideSolutionNode = FALSE
	EndGlobalSection
EndGlobal
